
Microsoft Visual Studio Solution File, Format Version 12.00
# Visual Studio Version 17
VisualStudioVersion = 17.5.002.0
MinimumVisualStudioVersion = 10.0.40219.1
Project("{2150E333-8FDC-42A3-9474-1A3956D46DE8}") = "csharp-prep", "csharp-prep", "{5B27CBE9-496B-483F-B421-59D0FC343E81}"
EndProject
Project("{9A19103F-16F7-4668-BE54-9A1E7A4F7556}") = "Prep1", "csharp-prep\Prep1\Prep1.csproj", "{5238A7D2-B1FF-41A9-9F5A-BC74765B6C96}"
EndProject
Project("{9A19103F-16F7-4668-BE54-9A1E7A4F7556}") = "Prep2", "csharp-prep\Prep2\Prep2.csproj", "{7F48FA33-2DB5-424D-81F2-68929208BE69}"
EndProject
Project("{9A19103F-16F7-4668-BE54-9A1E7A4F7556}") = "Prep3", "csharp-prep\Prep3\Prep3.csproj", "{FA7A45EA-81A1-4B4A-A9AD-84D26BD243A9}"
EndProject
Project("{9A19103F-16F7-4668-BE54-9A1E7A4F7556}") = "Prep4", "csharp-prep\Prep4\Prep4.csproj", "{A2E32A24-26AC-459F-857A-B0D8F1BCD784}"
EndProject
Project("{9A19103F-16F7-4668-BE54-9A1E7A4F7556}") = "Prep5", "csharp-prep\Prep5\Prep5.csproj", "{18F4B216-7A77-4A7F-BDB7-9D6F64391390}"
EndProject
Project("{2150E333-8FDC-42A3-9474-1A3956D46DE8}") = "final", "final", "{0EDA1105-72D8-45A0-B804-E987D4DB73CB}"
EndProject
Project("{9A19103F-16F7-4668-BE54-9A1E7A4F7556}") = "FinalProject", "final\FinalProject\FinalProject.csproj", "{FCE2DA2F-905D-4913-85DB-EEA086DD2551}"
EndProject
Project("{9A19103F-16F7-4668-BE54-9A1E7A4F7556}") = "Foundation1", "final\Foundation1\Foundation1.csproj", "{EC5CDC1D-E311-4191-B801-961BA5723584}"
EndProject
Project("{9A19103F-16F7-4668-BE54-9A1E7A4F7556}") = "Foundation2", "final\Foundation2\Foundation2.csproj", "{44936E1A-E5C3-460E-944A-1C011AB69CC6}"
EndProject
Project("{9A19103F-16F7-4668-BE54-9A1E7A4F7556}") = "Foundation3", "final\Foundation3\Foundation3.csproj", "{7D35F858-30C3-4C2E-BDF8-643EE7DAE56A}"
EndProject
Project("{9A19103F-16F7-4668-BE54-9A1E7A4F7556}") = "Foundation4", "final\Foundation4\Foundation4.csproj", "{31C706FE-335D-4A4E-BB90-B6AC7CBFD090}"
EndProject
Project("{2150E333-8FDC-42A3-9474-1A3956D46DE8}") = "prepare", "prepare", "{75F47A6D-E29B-45DE-A679-8445BA4045FE}"
EndProject
Project("{9A19103F-16F7-4668-BE54-9A1E7A4F7556}") = "Learning02", "prepare\Learning02\Learning02.csproj", "{005EB65B-10F4-4CF2-A116-73A9A213024A}"
EndProject
Project("{9A19103F-16F7-4668-BE54-9A1E7A4F7556}") = "Learning03", "prepare\Learning03\Learning03.csproj", "{8683E294-120C-4820-9646-0246FD1B2F24}"
EndProject
Project("{9A19103F-16F7-4668-BE54-9A1E7A4F7556}") = "Learning04", "prepare\Learning04\Learning04.csproj", "{402D44B6-2D22-46D3-9A33-5E727CE9CD87}"
EndProject
Project("{9A19103F-16F7-4668-BE54-9A1E7A4F7556}") = "Learning05", "prepare\Learning05\Learning05.csproj", "{684C6F83-DA93-413F-99B6-3B3CA5D8E131}"
EndProject
Project("{2150E333-8FDC-42A3-9474-1A3956D46DE8}") = "prove", "prove", "{09A04668-7EF6-4CF8-9EC2-EA21A59C7FF6}"
EndProject
Project("{9A19103F-16F7-4668-BE54-9A1E7A4F7556}") = "Develop02", "prove\Develop02\Develop02.csproj", "{CF041CE3-D978-4D69-97D0-0501B72EDFE0}"
EndProject
Project("{9A19103F-16F7-4668-BE54-9A1E7A4F7556}") = "Develop03", "prove\Develop03\Develop03.csproj", "{0C7C9A51-3107-4102-A8A6-D879807F4F7D}"
EndProject
Project("{9A19103F-16F7-4668-BE54-9A1E7A4F7556}") = "Develop04", "prove\Develop04\Develop04.csproj", "{D488C10A-DEB7-4FAB-8D2E-81C6C566541E}"
EndProject
Project("{9A19103F-16F7-4668-BE54-9A1E7A4F7556}") = "Develop05", "prove\Develop05\Develop05.csproj", "{9C0AE73D-4D0A-4C0C-BF65-B6A6D1B77A15}"
EndProject
Project("{2150E333-8FDC-42A3-9474-1A3956D46DE8}") = "sandbox", "sandbox", "{12DE4D44-D7FD-41ED-B150-F7CCB45CC977}"
EndProject
Project("{9A19103F-16F7-4668-BE54-9A1E7A4F7556}") = "Sandbox", "sandbox\Sandbox\Sandbox.csproj", "{31DB27EB-9C3A-4774-B1DA-A6AD51A2475A}"
EndProject
Global
	GlobalSection(SolutionConfigurationPlatforms) = preSolution
		Debug|Any CPU = Debug|Any CPU
		Release|Any CPU = Release|Any CPU
	EndGlobalSection
	GlobalSection(ProjectConfigurationPlatforms) = postSolution
		{5238A7D2-B1FF-41A9-9F5A-BC74765B6C96}.Debug|Any CPU.ActiveCfg = Debug|Any CPU
		{5238A7D2-B1FF-41A9-9F5A-BC74765B6C96}.Debug|Any CPU.Build.0 = Debug|Any CPU
		{5238A7D2-B1FF-41A9-9F5A-BC74765B6C96}.Release|Any CPU.ActiveCfg = Release|Any CPU
		{5238A7D2-B1FF-41A9-9F5A-BC74765B6C96}.Release|Any CPU.Build.0 = Release|Any CPU
		{7F48FA33-2DB5-424D-81F2-68929208BE69}.Debug|Any CPU.ActiveCfg = Debug|Any CPU
		{7F48FA33-2DB5-424D-81F2-68929208BE69}.Debug|Any CPU.Build.0 = Debug|Any CPU
		{7F48FA33-2DB5-424D-81F2-68929208BE69}.Release|Any CPU.ActiveCfg = Release|Any CPU
		{7F48FA33-2DB5-424D-81F2-68929208BE69}.Release|Any CPU.Build.0 = Release|Any CPU
		{FA7A45EA-81A1-4B4A-A9AD-84D26BD243A9}.Debug|Any CPU.ActiveCfg = Debug|Any CPU
		{FA7A45EA-81A1-4B4A-A9AD-84D26BD243A9}.Debug|Any CPU.Build.0 = Debug|Any CPU
		{FA7A45EA-81A1-4B4A-A9AD-84D26BD243A9}.Release|Any CPU.ActiveCfg = Release|Any CPU
		{FA7A45EA-81A1-4B4A-A9AD-84D26BD243A9}.Release|Any CPU.Build.0 = Release|Any CPU
		{A2E32A24-26AC-459F-857A-B0D8F1BCD784}.Debug|Any CPU.ActiveCfg = Debug|Any CPU
		{A2E32A24-26AC-459F-857A-B0D8F1BCD784}.Debug|Any CPU.Build.0 = Debug|Any CPU
		{A2E32A24-26AC-459F-857A-B0D8F1BCD784}.Release|Any CPU.ActiveCfg = Release|Any CPU
		{A2E32A24-26AC-459F-857A-B0D8F1BCD784}.Release|Any CPU.Build.0 = Release|Any CPU
		{18F4B216-7A77-4A7F-BDB7-9D6F64391390}.Debug|Any CPU.ActiveCfg = Debug|Any CPU
		{18F4B216-7A77-4A7F-BDB7-9D6F64391390}.Debug|Any CPU.Build.0 = Debug|Any CPU
		{18F4B216-7A77-4A7F-BDB7-9D6F64391390}.Release|Any CPU.ActiveCfg = Release|Any CPU
		{18F4B216-7A77-4A7F-BDB7-9D6F64391390}.Release|Any CPU.Build.0 = Release|Any CPU
		{FCE2DA2F-905D-4913-85DB-EEA086DD2551}.Debug|Any CPU.ActiveCfg = Debug|Any CPU
		{FCE2DA2F-905D-4913-85DB-EEA086DD2551}.Debug|Any CPU.Build.0 = Debug|Any CPU
		{FCE2DA2F-905D-4913-85DB-EEA086DD2551}.Release|Any CPU.ActiveCfg = Release|Any CPU
		{FCE2DA2F-905D-4913-85DB-EEA086DD2551}.Release|Any CPU.Build.0 = Release|Any CPU
		{EC5CDC1D-E311-4191-B801-961BA5723584}.Debug|Any CPU.ActiveCfg = Debug|Any CPU
		{EC5CDC1D-E311-4191-B801-961BA5723584}.Debug|Any CPU.Build.0 = Debug|Any CPU
		{EC5CDC1D-E311-4191-B801-961BA5723584}.Release|Any CPU.ActiveCfg = Release|Any CPU
		{EC5CDC1D-E311-4191-B801-961BA5723584}.Release|Any CPU.Build.0 = Release|Any CPU
		{44936E1A-E5C3-460E-944A-1C011AB69CC6}.Debug|Any CPU.ActiveCfg = Debug|Any CPU
		{44936E1A-E5C3-460E-944A-1C011AB69CC6}.Debug|Any CPU.Build.0 = Debug|Any CPU
		{44936E1A-E5C3-460E-944A-1C011AB69CC6}.Release|Any CPU.ActiveCfg = Release|Any CPU
		{44936E1A-E5C3-460E-944A-1C011AB69CC6}.Release|Any CPU.Build.0 = Release|Any CPU
		{7D35F858-30C3-4C2E-BDF8-643EE7DAE56A}.Debug|Any CPU.ActiveCfg = Debug|Any CPU
		{7D35F858-30C3-4C2E-BDF8-643EE7DAE56A}.Debug|Any CPU.Build.0 = Debug|Any CPU
		{7D35F858-30C3-4C2E-BDF8-643EE7DAE56A}.Release|Any CPU.ActiveCfg = Release|Any CPU
		{7D35F858-30C3-4C2E-BDF8-643EE7DAE56A}.Release|Any CPU.Build.0 = Release|Any CPU
		{31C706FE-335D-4A4E-BB90-B6AC7CBFD090}.Debug|Any CPU.ActiveCfg = Debug|Any CPU
		{31C706FE-335D-4A4E-BB90-B6AC7CBFD090}.Debug|Any CPU.Build.0 = Debug|Any CPU
		{31C706FE-335D-4A4E-BB90-B6AC7CBFD090}.Release|Any CPU.ActiveCfg = Release|Any CPU
		{31C706FE-335D-4A4E-BB90-B6AC7CBFD090}.Release|Any CPU.Build.0 = Release|Any CPU
		{005EB65B-10F4-4CF2-A116-73A9A213024A}.Debug|Any CPU.ActiveCfg = Debug|Any CPU
		{005EB65B-10F4-4CF2-A116-73A9A213024A}.Debug|Any CPU.Build.0 = Debug|Any CPU
		{005EB65B-10F4-4CF2-A116-73A9A213024A}.Release|Any CPU.ActiveCfg = Release|Any CPU
		{005EB65B-10F4-4CF2-A116-73A9A213024A}.Release|Any CPU.Build.0 = Release|Any CPU
		{8683E294-120C-4820-9646-0246FD1B2F24}.Debug|Any CPU.ActiveCfg = Debug|Any CPU
		{8683E294-120C-4820-9646-0246FD1B2F24}.Debug|Any CPU.Build.0 = Debug|Any CPU
		{8683E294-120C-4820-9646-0246FD1B2F24}.Release|Any CPU.ActiveCfg = Release|Any CPU
		{8683E294-120C-4820-9646-0246FD1B2F24}.Release|Any CPU.Build.0 = Release|Any CPU
		{402D44B6-2D22-46D3-9A33-5E727CE9CD87}.Debug|Any CPU.ActiveCfg = Debug|Any CPU
		{402D44B6-2D22-46D3-9A33-5E727CE9CD87}.Debug|Any CPU.Build.0 = Debug|Any CPU
		{402D44B6-2D22-46D3-9A33-5E727CE9CD87}.Release|Any CPU.ActiveCfg = Release|Any CPU
		{402D44B6-2D22-46D3-9A33-5E727CE9CD87}.Release|Any CPU.Build.0 = Release|Any CPU
		{684C6F83-DA93-413F-99B6-3B3CA5D8E131}.Debug|Any CPU.ActiveCfg = Debug|Any CPU
		{684C6F83-DA93-413F-99B6-3B3CA5D8E131}.Debug|Any CPU.Build.0 = Debug|Any CPU
		{684C6F83-DA93-413F-99B6-3B3CA5D8E131}.Release|Any CPU.ActiveCfg = Release|Any CPU
		{684C6F83-DA93-413F-99B6-3B3CA5D8E131}.Release|Any CPU.Build.0 = Release|Any CPU
		{CF041CE3-D978-4D69-97D0-0501B72EDFE0}.Debug|Any CPU.ActiveCfg = Debug|Any CPU
		{CF041CE3-D978-4D69-97D0-0501B72EDFE0}.Debug|Any CPU.Build.0 = Debug|Any CPU
		{CF041CE3-D978-4D69-97D0-0501B72EDFE0}.Release|Any CPU.ActiveCfg = Release|Any CPU
		{CF041CE3-D978-4D69-97D0-0501B72EDFE0}.Release|Any CPU.Build.0 = Release|Any CPU
		{0C7C9A51-3107-4102-A8A6-D879807F4F7D}.Debug|Any CPU.ActiveCfg = Debug|Any CPU
		{0C7C9A51-3107-4102-A8A6-D879807F4F7D}.Debug|Any CPU.Build.0 = Debug|Any CPU
		{0C7C9A51-3107-4102-A8A6-D879807F4F7D}.Release|Any CPU.ActiveCfg = Release|Any CPU
		{0C7C9A51-3107-4102-A8A6-D879807F4F7D}.Release|Any CPU.Build.0 = Release|Any CPU
		{D488C10A-DEB7-4FAB-8D2E-81C6C566541E}.Debug|Any CPU.ActiveCfg = Debug|Any CPU
		{D488C10A-DEB7-4FAB-8D2E-81C6C566541E}.Debug|Any CPU.Build.0 = Debug|Any CPU
		{D488C10A-DEB7-4FAB-8D2E-81C6C566541E}.Release|Any CPU.ActiveCfg = Release|Any CPU
		{D488C10A-DEB7-4FAB-8D2E-81C6C566541E}.Release|Any CPU.Build.0 = Release|Any CPU
		{9C0AE73D-4D0A-4C0C-BF65-B6A6D1B77A15}.Debug|Any CPU.ActiveCfg = Debug|Any CPU
		{9C0AE73D-4D0A-4C0C-BF65-B6A6D1B77A15}.Debug|Any CPU.Build.0 = Debug|Any CPU
		{9C0AE73D-4D0A-4C0C-BF65-B6A6D1B77A15}.Release|Any CPU.ActiveCfg = Release|Any CPU
		{9C0AE73D-4D0A-4C0C-BF65-B6A6D1B77A15}.Release|Any CPU.Build.0 = Release|Any CPU
		{31DB27EB-9C3A-4774-B1DA-A6AD51A2475A}.Debug|Any CPU.ActiveCfg = Debug|Any CPU
		{31DB27EB-9C3A-4774-B1DA-A6AD51A2475A}.Debug|Any CPU.Build.0 = Debug|Any CPU
		{31DB27EB-9C3A-4774-B1DA-A6AD51A2475A}.Release|Any CPU.ActiveCfg = Release|Any CPU
		{31DB27EB-9C3A-4774-B1DA-A6AD51A2475A}.Release|Any CPU.Build.0 = Release|Any CPU
	EndGlobalSection
	GlobalSection(SolutionProperties) = preSolution
		HideSolutionNode = FALSE
	EndGlobalSection
	GlobalSection(NestedProjects) = preSolution
		{5238A7D2-B1FF-41A9-9F5A-BC74765B6C96} = {5B27CBE9-496B-483F-B421-59D0FC343E81}
		{7F48FA33-2DB5-424D-81F2-68929208BE69} = {5B27CBE9-496B-483F-B421-59D0FC343E81}
		{FA7A45EA-81A1-4B4A-A9AD-84D26BD243A9} = {5B27CBE9-496B-483F-B421-59D0FC343E81}
		{A2E32A24-26AC-459F-857A-B0D8F1BCD784} = {5B27CBE9-496B-483F-B421-59D0FC343E81}
		{18F4B216-7A77-4A7F-BDB7-9D6F64391390} = {5B27CBE9-496B-483F-B421-59D0FC343E81}
		{FCE2DA2F-905D-4913-85DB-EEA086DD2551} = {0EDA1105-72D8-45A0-B804-E987D4DB73CB}
		{EC5CDC1D-E311-4191-B801-961BA5723584} = {0EDA1105-72D8-45A0-B804-E987D4DB73CB}
		{44936E1A-E5C3-460E-944A-1C011AB69CC6} = {0EDA1105-72D8-45A0-B804-E987D4DB73CB}
		{7D35F858-30C3-4C2E-BDF8-643EE7DAE56A} = {0EDA1105-72D8-45A0-B804-E987D4DB73CB}
		{31C706FE-335D-4A4E-BB90-B6AC7CBFD090} = {0EDA1105-72D8-45A0-B804-E987D4DB73CB}
		{005EB65B-10F4-4CF2-A116-73A9A213024A} = {75F47A6D-E29B-45DE-A679-8445BA4045FE}
		{8683E294-120C-4820-9646-0246FD1B2F24} = {75F47A6D-E29B-45DE-A679-8445BA4045FE}
		{402D44B6-2D22-46D3-9A33-5E727CE9CD87} = {75F47A6D-E29B-45DE-A679-8445BA4045FE}
		{684C6F83-DA93-413F-99B6-3B3CA5D8E131} = {75F47A6D-E29B-45DE-A679-8445BA4045FE}
		{CF041CE3-D978-4D69-97D0-0501B72EDFE0} = {09A04668-7EF6-4CF8-9EC2-EA21A59C7FF6}
		{0C7C9A51-3107-4102-A8A6-D879807F4F7D} = {09A04668-7EF6-4CF8-9EC2-EA21A59C7FF6}
		{D488C10A-DEB7-4FAB-8D2E-81C6C566541E} = {09A04668-7EF6-4CF8-9EC2-EA21A59C7FF6}
		{9C0AE73D-4D0A-4C0C-BF65-B6A6D1B77A15} = {09A04668-7EF6-4CF8-9EC2-EA21A59C7FF6}
		{31DB27EB-9C3A-4774-B1DA-A6AD51A2475A} = {12DE4D44-D7FD-41ED-B150-F7CCB45CC977}
	EndGlobalSection
	GlobalSection(ExtensibilityGlobals) = postSolution
		SolutionGuid = {108D330C-E3A1-422A-AF80-AFB39A8D10A5}
	EndGlobalSection
EndGlobal
